
Microsoft Visual Studio Solution File, Format Version 12.00
# Visual Studio Version 16
VisualStudioVersion = 16.0.31605.320
MinimumVisualStudioVersion = 10.0.40219.1
Project("{FAE04EC0-301F-11D3-BF4B-00C04F79EFBC}") = "Аккредитационные_показатели", "Аккредитационные_показатели\Аккредитационные_показатели.csproj", "{A303780A-E85F-456F-BDE8-5598585ED493}"
EndProject
Global
	GlobalSection(SolutionConfigurationPlatforms) = preSolution
		Debug|Any CPU = Debug|Any CPU
		Release|Any CPU = Release|Any CPU
	EndGlobalSection
	GlobalSection(ProjectConfigurationPlatforms) = postSolution
		{A303780A-E85F-456F-BDE8-5598585ED493}.Debug|Any CPU.ActiveCfg = Debug|Any CPU
		{A303780A-E85F-456F-BDE8-5598585ED493}.Debug|Any CPU.Build.0 = Debug|Any CPU
		{A303780A-E85F-456F-BDE8-5598585ED493}.Release|Any CPU.ActiveCfg = Release|Any CPU
		{A303780A-E85F-456F-BDE8-5598585ED493}.Release|Any CPU.Build.0 = Release|Any CPU
	EndGlobalSection
	GlobalSection(SolutionProperties) = preSolution
		HideSolutionNode = FALSE
	EndGlobalSection
	GlobalSection(ExtensibilityGlobals) = postSolution
		SolutionGuid = {39500840-3643-44A0-84EE-BD9E0AADE685}
	EndGlobalSection
EndGlobal
